// !$*UTF8*$!
{
	archiveVersion = 1;
	classes = {
	};
	objectVersion = 48;
	objects = {

/* Begin PBXBuildFile section */
		04248DA3200C7B170037C6B3 /* AppDelegate.m in Sources */ = {isa = PBXBuildFile; fileRef = 04248DA2200C7B170037C6B3 /* AppDelegate.m */; };
		04248DA6200C7B170037C6B3 /* ViewController.m in Sources */ = {isa = PBXBuildFile; fileRef = 04248DA5200C7B170037C6B3 /* ViewController.m */; };
		04248DA9200C7B170037C6B3 /* Main.storyboard in Resources */ = {isa = PBXBuildFile; fileRef = 04248DA7200C7B170037C6B3 /* Main.storyboard */; };
		04248DAB200C7B170037C6B3 /* Assets.xcassets in Resources */ = {isa = PBXBuildFile; fileRef = 04248DAA200C7B170037C6B3 /* Assets.xcassets */; };
		04248DAE200C7B170037C6B3 /* LaunchScreen.storyboard in Resources */ = {isa = PBXBuildFile; fileRef = 04248DAC200C7B170037C6B3 /* LaunchScreen.storyboard */; };
		04248DB1200C7B170037C6B3 /* main.m in Sources */ = {isa = PBXBuildFile; fileRef = 04248DB0200C7B170037C6B3 /* main.m */; };
		042C651E2011E751009C50BE /* TBOpenUrlRegisterHandler.swift in Sources */ = {isa = PBXBuildFile; fileRef = 042C651D2011E751009C50BE /* TBOpenUrlRegisterHandler.swift */; };
		042C65202011E784009C50BE /* TBOpenUrlPlugin.swift in Sources */ = {isa = PBXBuildFile; fileRef = 042C651F2011E784009C50BE /* TBOpenUrlPlugin.swift */; };
		046F10C1201065540028C1AA /* TBWebViewManager.swift in Sources */ = {isa = PBXBuildFile; fileRef = 046F1095201065540028C1AA /* TBWebViewManager.swift */; };
		046F10C2201065540028C1AA /* TBUserInfoPlugin.swift in Sources */ = {isa = PBXBuildFile; fileRef = 046F1099201065540028C1AA /* TBUserInfoPlugin.swift */; };
		046F10C3201065540028C1AA /* TBCityInfoPlugin.swift in Sources */ = {isa = PBXBuildFile; fileRef = 046F109A201065540028C1AA /* TBCityInfoPlugin.swift */; };
		046F10C4201065540028C1AA /* TBShareLinkPlugin.swift in Sources */ = {isa = PBXBuildFile; fileRef = 046F109B201065540028C1AA /* TBShareLinkPlugin.swift */; };
		046F10C5201065540028C1AA /* TBSharePicPlugin.swift in Sources */ = {isa = PBXBuildFile; fileRef = 046F109C201065540028C1AA /* TBSharePicPlugin.swift */; };
		046F10C6201065540028C1AA /* TBTitlePlugin.swift in Sources */ = {isa = PBXBuildFile; fileRef = 046F109D201065540028C1AA /* TBTitlePlugin.swift */; };
		046F10C7201065540028C1AA /* TBOpenMapPlugin.swift in Sources */ = {isa = PBXBuildFile; fileRef = 046F109E201065540028C1AA /* TBOpenMapPlugin.swift */; };
		046F10C8201065540028C1AA /* TBCallBackPlugin.swift in Sources */ = {isa = PBXBuildFile; fileRef = 046F109F201065540028C1AA /* TBCallBackPlugin.swift */; };
		046F10C9201065540028C1AA /* TBUploadEventPlugin.swift in Sources */ = {isa = PBXBuildFile; fileRef = 046F10A0201065540028C1AA /* TBUploadEventPlugin.swift */; };
		046F10CA201065540028C1AA /* TBRegisterPlugin.swift in Sources */ = {isa = PBXBuildFile; fileRef = 046F10A1201065540028C1AA /* TBRegisterPlugin.swift */; };
		046F10CB201065540028C1AA /* TBShareDataPlugin.swift in Sources */ = {isa = PBXBuildFile; fileRef = 046F10A3201065540028C1AA /* TBShareDataPlugin.swift */; };
		046F10CC201065540028C1AA /* TBCallPlugin.swift in Sources */ = {isa = PBXBuildFile; fileRef = 046F10A4201065540028C1AA /* TBCallPlugin.swift */; };
		046F10CD201065540028C1AA /* TBGoBackPlugin.swift in Sources */ = {isa = PBXBuildFile; fileRef = 046F10A5201065540028C1AA /* TBGoBackPlugin.swift */; };
		046F10CE201065540028C1AA /* TBCityInfoModel.swift in Sources */ = {isa = PBXBuildFile; fileRef = 046F10A7201065540028C1AA /* TBCityInfoModel.swift */; };
		046F10CF201065540028C1AA /* TBUserInfoModel.swift in Sources */ = {isa = PBXBuildFile; fileRef = 046F10A8201065540028C1AA /* TBUserInfoModel.swift */; };
		046F10D0201065540028C1AA /* TBWebViewHelper.swift in Sources */ = {isa = PBXBuildFile; fileRef = 046F10AA201065540028C1AA /* TBWebViewHelper.swift */; };
		046F10D1201065540028C1AA /* TBWebViewConfigurationManager.swift in Sources */ = {isa = PBXBuildFile; fileRef = 046F10AB201065540028C1AA /* TBWebViewConfigurationManager.swift */; };
		046F10D2201065540028C1AA /* TBShareLinkRegisterHandler.swift in Sources */ = {isa = PBXBuildFile; fileRef = 046F10AE201065540028C1AA /* TBShareLinkRegisterHandler.swift */; };
		046F10D3201065540028C1AA /* TBCallBackRegisterHandler.swift in Sources */ = {isa = PBXBuildFile; fileRef = 046F10AF201065540028C1AA /* TBCallBackRegisterHandler.swift */; };
		046F10D4201065540028C1AA /* TBOpenMapRegisterHandler.swift in Sources */ = {isa = PBXBuildFile; fileRef = 046F10B0201065540028C1AA /* TBOpenMapRegisterHandler.swift */; };
		046F10D5201065540028C1AA /* TBRegisterCommond.swift in Sources */ = {isa = PBXBuildFile; fileRef = 046F10B1201065540028C1AA /* TBRegisterCommond.swift */; };
		046F10D6201065540028C1AA /* TBRegisterHandler.swift in Sources */ = {isa = PBXBuildFile; fileRef = 046F10B2201065540028C1AA /* TBRegisterHandler.swift */; };
		046F10D7201065540028C1AA /* TBUserInfoRegisterHandler.swift in Sources */ = {isa = PBXBuildFile; fileRef = 046F10B3201065540028C1AA /* TBUserInfoRegisterHandler.swift */; };
		046F10D8201065540028C1AA /* TBTitleRegisterHandler.swift in Sources */ = {isa = PBXBuildFile; fileRef = 046F10B4201065540028C1AA /* TBTitleRegisterHandler.swift */; };
		046F10D9201065540028C1AA /* TBCityInfoRegisterHandler.swift in Sources */ = {isa = PBXBuildFile; fileRef = 046F10B5201065540028C1AA /* TBCityInfoRegisterHandler.swift */; };
		046F10DA201065540028C1AA /* TBUploadEventRegisterHandler.swift in Sources */ = {isa = PBXBuildFile; fileRef = 046F10B6201065540028C1AA /* TBUploadEventRegisterHandler.swift */; };
		046F10DB201065540028C1AA /* TBSharePicRegisterHandler.swift in Sources */ = {isa = PBXBuildFile; fileRef = 046F10B7201065540028C1AA /* TBSharePicRegisterHandler.swift */; };
		046F10DC201065540028C1AA /* TBEvaluateJSHandler.swift in Sources */ = {isa = PBXBuildFile; fileRef = 046F10B9201065540028C1AA /* TBEvaluateJSHandler.swift */; };
		046F10DD201065540028C1AA /* TBShareDataCallHandler.swift in Sources */ = {isa = PBXBuildFile; fileRef = 046F10BB201065540028C1AA /* TBShareDataCallHandler.swift */; };
		046F10DE201065540028C1AA /* TBGoBackHandler.swift in Sources */ = {isa = PBXBuildFile; fileRef = 046F10BC201065540028C1AA /* TBGoBackHandler.swift */; };
		046F10DF201065540028C1AA /* TBCallHandler.swift in Sources */ = {isa = PBXBuildFile; fileRef = 046F10BD201065540028C1AA /* TBCallHandler.swift */; };
		046F10E0201065540028C1AA /* TBCallCommond.swift in Sources */ = {isa = PBXBuildFile; fileRef = 046F10BE201065540028C1AA /* TBCallCommond.swift */; };
		046F10E1201065540028C1AA /* TBWebProgressView.swift in Sources */ = {isa = PBXBuildFile; fileRef = 046F10C0201065540028C1AA /* TBWebProgressView.swift */; };
		04985D02200C844100808D26 /* TestViewController.swift in Sources */ = {isa = PBXBuildFile; fileRef = 04985D01200C844100808D26 /* TestViewController.swift */; };
		E08F18BDD96F7BAED7BC9454 /* Pods_TBInteractiveProtocol.framework in Frameworks */ = {isa = PBXBuildFile; fileRef = EF11CB0591DC99EA096299A7 /* Pods_TBInteractiveProtocol.framework */; };
/* End PBXBuildFile section */

/* Begin PBXFileReference section */
		04248D9E200C7B170037C6B3 /* TBInteractiveProtocol.app */ = {isa = PBXFileReference; explicitFileType = wrapper.application; includeInIndex = 0; path = TBInteractiveProtocol.app; sourceTree = BUILT_PRODUCTS_DIR; };
		04248DA1200C7B170037C6B3 /* AppDelegate.h */ = {isa = PBXFileReference; lastKnownFileType = sourcecode.c.h; path = AppDelegate.h; sourceTree = "<group>"; };
		04248DA2200C7B170037C6B3 /* AppDelegate.m */ = {isa = PBXFileReference; lastKnownFileType = sourcecode.c.objc; path = AppDelegate.m; sourceTree = "<group>"; };
		04248DA4200C7B170037C6B3 /* ViewController.h */ = {isa = PBXFileReference; lastKnownFileType = sourcecode.c.h; path = ViewController.h; sourceTree = "<group>"; };
		04248DA5200C7B170037C6B3 /* ViewController.m */ = {isa = PBXFileReference; lastKnownFileType = sourcecode.c.objc; path = ViewController.m; sourceTree = "<group>"; };
		04248DA8200C7B170037C6B3 /* Base */ = {isa = PBXFileReference; lastKnownFileType = file.storyboard; name = Base; path = Base.lproj/Main.storyboard; sourceTree = "<group>"; };
		04248DAA200C7B170037C6B3 /* Assets.xcassets */ = {isa = PBXFileReference; lastKnownFileType = folder.assetcatalog; path = Assets.xcassets; sourceTree = "<group>"; };
		04248DAD200C7B170037C6B3 /* Base */ = {isa = PBXFileReference; lastKnownFileType = file.storyboard; name = Base; path = Base.lproj/LaunchScreen.storyboard; sourceTree = "<group>"; };
		04248DAF200C7B170037C6B3 /* Info.plist */ = {isa = PBXFileReference; lastKnownFileType = text.plist.xml; path = Info.plist; sourceTree = "<group>"; };
		04248DB0200C7B170037C6B3 /* main.m */ = {isa = PBXFileReference; lastKnownFileType = sourcecode.c.objc; path = main.m; sourceTree = "<group>"; };
		042C651D2011E751009C50BE /* TBOpenUrlRegisterHandler.swift */ = {isa = PBXFileReference; lastKnownFileType = sourcecode.swift; path = TBOpenUrlRegisterHandler.swift; sourceTree = "<group>"; };
		042C651F2011E784009C50BE /* TBOpenUrlPlugin.swift */ = {isa = PBXFileReference; lastKnownFileType = sourcecode.swift; path = TBOpenUrlPlugin.swift; sourceTree = "<group>"; };
		046F1095201065540028C1AA /* TBWebViewManager.swift */ = {isa = PBXFileReference; fileEncoding = 4; lastKnownFileType = sourcecode.swift; path = TBWebViewManager.swift; sourceTree = "<group>"; };
		046F1099201065540028C1AA /* TBUserInfoPlugin.swift */ = {isa = PBXFileReference; fileEncoding = 4; lastKnownFileType = sourcecode.swift; path = TBUserInfoPlugin.swift; sourceTree = "<group>"; };
		046F109A201065540028C1AA /* TBCityInfoPlugin.swift */ = {isa = PBXFileReference; fileEncoding = 4; lastKnownFileType = sourcecode.swift; path = TBCityInfoPlugin.swift; sourceTree = "<group>"; };
		046F109B201065540028C1AA /* TBShareLinkPlugin.swift */ = {isa = PBXFileReference; fileEncoding = 4; lastKnownFileType = sourcecode.swift; path = TBShareLinkPlugin.swift; sourceTree = "<group>"; };
		046F109C201065540028C1AA /* TBSharePicPlugin.swift */ = {isa = PBXFileReference; fileEncoding = 4; lastKnownFileType = sourcecode.swift; path = TBSharePicPlugin.swift; sourceTree = "<group>"; };
		046F109D201065540028C1AA /* TBTitlePlugin.swift */ = {isa = PBXFileReference; fileEncoding = 4; lastKnownFileType = sourcecode.swift; path = TBTitlePlugin.swift; sourceTree = "<group>"; };
		046F109E201065540028C1AA /* TBOpenMapPlugin.swift */ = {isa = PBXFileReference; fileEncoding = 4; lastKnownFileType = sourcecode.swift; path = TBOpenMapPlugin.swift; sourceTree = "<group>"; };
		046F109F201065540028C1AA /* TBCallBackPlugin.swift */ = {isa = PBXFileReference; fileEncoding = 4; lastKnownFileType = sourcecode.swift; path = TBCallBackPlugin.swift; sourceTree = "<group>"; };
		046F10A0201065540028C1AA /* TBUploadEventPlugin.swift */ = {isa = PBXFileReference; fileEncoding = 4; lastKnownFileType = sourcecode.swift; path = TBUploadEventPlugin.swift; sourceTree = "<group>"; };
		046F10A1201065540028C1AA /* TBRegisterPlugin.swift */ = {isa = PBXFileReference; fileEncoding = 4; lastKnownFileType = sourcecode.swift; path = TBRegisterPlugin.swift; sourceTree = "<group>"; };
		046F10A3201065540028C1AA /* TBShareDataPlugin.swift */ = {isa = PBXFileReference; fileEncoding = 4; lastKnownFileType = sourcecode.swift; path = TBShareDataPlugin.swift; sourceTree = "<group>"; };
		046F10A4201065540028C1AA /* TBCallPlugin.swift */ = {isa = PBXFileReference; fileEncoding = 4; lastKnownFileType = sourcecode.swift; path = TBCallPlugin.swift; sourceTree = "<group>"; };
		046F10A5201065540028C1AA /* TBGoBackPlugin.swift */ = {isa = PBXFileReference; fileEncoding = 4; lastKnownFileType = sourcecode.swift; path = TBGoBackPlugin.swift; sourceTree = "<group>"; };
		046F10A7201065540028C1AA /* TBCityInfoModel.swift */ = {isa = PBXFileReference; fileEncoding = 4; lastKnownFileType = sourcecode.swift; path = TBCityInfoModel.swift; sourceTree = "<group>"; };
		046F10A8201065540028C1AA /* TBUserInfoModel.swift */ = {isa = PBXFileReference; fileEncoding = 4; lastKnownFileType = sourcecode.swift; path = TBUserInfoModel.swift; sourceTree = "<group>"; };
		046F10AA201065540028C1AA /* TBWebViewHelper.swift */ = {isa = PBXFileReference; fileEncoding = 4; lastKnownFileType = sourcecode.swift; path = TBWebViewHelper.swift; sourceTree = "<group>"; };
		046F10AB201065540028C1AA /* TBWebViewConfigurationManager.swift */ = {isa = PBXFileReference; fileEncoding = 4; lastKnownFileType = sourcecode.swift; path = TBWebViewConfigurationManager.swift; sourceTree = "<group>"; };
		046F10AE201065540028C1AA /* TBShareLinkRegisterHandler.swift */ = {isa = PBXFileReference; fileEncoding = 4; lastKnownFileType = sourcecode.swift; path = TBShareLinkRegisterHandler.swift; sourceTree = "<group>"; };
		046F10AF201065540028C1AA /* TBCallBackRegisterHandler.swift */ = {isa = PBXFileReference; fileEncoding = 4; lastKnownFileType = sourcecode.swift; path = TBCallBackRegisterHandler.swift; sourceTree = "<group>"; };
		046F10B0201065540028C1AA /* TBOpenMapRegisterHandler.swift */ = {isa = PBXFileReference; fileEncoding = 4; lastKnownFileType = sourcecode.swift; path = TBOpenMapRegisterHandler.swift; sourceTree = "<group>"; };
		046F10B1201065540028C1AA /* TBRegisterCommond.swift */ = {isa = PBXFileReference; fileEncoding = 4; lastKnownFileType = sourcecode.swift; path = TBRegisterCommond.swift; sourceTree = "<group>"; };
		046F10B2201065540028C1AA /* TBRegisterHandler.swift */ = {isa = PBXFileReference; fileEncoding = 4; lastKnownFileType = sourcecode.swift; path = TBRegisterHandler.swift; sourceTree = "<group>"; };
		046F10B3201065540028C1AA /* TBUserInfoRegisterHandler.swift */ = {isa = PBXFileReference; fileEncoding = 4; lastKnownFileType = sourcecode.swift; path = TBUserInfoRegisterHandler.swift; sourceTree = "<group>"; };
		046F10B4201065540028C1AA /* TBTitleRegisterHandler.swift */ = {isa = PBXFileReference; fileEncoding = 4; lastKnownFileType = sourcecode.swift; path = TBTitleRegisterHandler.swift; sourceTree = "<group>"; };
		046F10B5201065540028C1AA /* TBCityInfoRegisterHandler.swift */ = {isa = PBXFileReference; fileEncoding = 4; lastKnownFileType = sourcecode.swift; path = TBCityInfoRegisterHandler.swift; sourceTree = "<group>"; };
		046F10B6201065540028C1AA /* TBUploadEventRegisterHandler.swift */ = {isa = PBXFileReference; fileEncoding = 4; lastKnownFileType = sourcecode.swift; path = TBUploadEventRegisterHandler.swift; sourceTree = "<group>"; };
		046F10B7201065540028C1AA /* TBSharePicRegisterHandler.swift */ = {isa = PBXFileReference; fileEncoding = 4; lastKnownFileType = sourcecode.swift; path = TBSharePicRegisterHandler.swift; sourceTree = "<group>"; };
		046F10B9201065540028C1AA /* TBEvaluateJSHandler.swift */ = {isa = PBXFileReference; fileEncoding = 4; lastKnownFileType = sourcecode.swift; path = TBEvaluateJSHandler.swift; sourceTree = "<group>"; };
		046F10BB201065540028C1AA /* TBShareDataCallHandler.swift */ = {isa = PBXFileReference; fileEncoding = 4; lastKnownFileType = sourcecode.swift; path = TBShareDataCallHandler.swift; sourceTree = "<group>"; };
		046F10BC201065540028C1AA /* TBGoBackHandler.swift */ = {isa = PBXFileReference; fileEncoding = 4; lastKnownFileType = sourcecode.swift; path = TBGoBackHandler.swift; sourceTree = "<group>"; };
		046F10BD201065540028C1AA /* TBCallHandler.swift */ = {isa = PBXFileReference; fileEncoding = 4; lastKnownFileType = sourcecode.swift; path = TBCallHandler.swift; sourceTree = "<group>"; };
		046F10BE201065540028C1AA /* TBCallCommond.swift */ = {isa = PBXFileReference; fileEncoding = 4; lastKnownFileType = sourcecode.swift; path = TBCallCommond.swift; sourceTree = "<group>"; };
		046F10C0201065540028C1AA /* TBWebProgressView.swift */ = {isa = PBXFileReference; fileEncoding = 4; lastKnownFileType = sourcecode.swift; path = TBWebProgressView.swift; sourceTree = "<group>"; };
		04985D00200C844000808D26 /* TBInteractiveProtocol-Bridging-Header.h */ = {isa = PBXFileReference; lastKnownFileType = sourcecode.c.h; path = "TBInteractiveProtocol-Bridging-Header.h"; sourceTree = "<group>"; };
		04985D01200C844100808D26 /* TestViewController.swift */ = {isa = PBXFileReference; lastKnownFileType = sourcecode.swift; path = TestViewController.swift; sourceTree = "<group>"; };
		2280A055C4D1827C39A36A2B /* Pods-TBInteractiveProtocol.release.xcconfig */ = {isa = PBXFileReference; includeInIndex = 1; lastKnownFileType = text.xcconfig; name = "Pods-TBInteractiveProtocol.release.xcconfig"; path = "Pods/Target Support Files/Pods-TBInteractiveProtocol/Pods-TBInteractiveProtocol.release.xcconfig"; sourceTree = "<group>"; };
		D3581758F72616A82FAAC5B1 /* Pods-TBInteractiveProtocol.debug.xcconfig */ = {isa = PBXFileReference; includeInIndex = 1; lastKnownFileType = text.xcconfig; name = "Pods-TBInteractiveProtocol.debug.xcconfig"; path = "Pods/Target Support Files/Pods-TBInteractiveProtocol/Pods-TBInteractiveProtocol.debug.xcconfig"; sourceTree = "<group>"; };
		EF11CB0591DC99EA096299A7 /* Pods_TBInteractiveProtocol.framework */ = {isa = PBXFileReference; explicitFileType = wrapper.framework; includeInIndex = 0; path = Pods_TBInteractiveProtocol.framework; sourceTree = BUILT_PRODUCTS_DIR; };
/* End PBXFileReference section */

/* Begin PBXFrameworksBuildPhase section */
		04248D9B200C7B170037C6B3 /* Frameworks */ = {
			isa = PBXFrameworksBuildPhase;
			buildActionMask = 2147483647;
			files = (
				E08F18BDD96F7BAED7BC9454 /* Pods_TBInteractiveProtocol.framework in Frameworks */,
			);
			runOnlyForDeploymentPostprocessing = 0;
		};
/* End PBXFrameworksBuildPhase section */

/* Begin PBXGroup section */
		04248D95200C7B170037C6B3 = {
			isa = PBXGroup;
			children = (
				04248DA0200C7B170037C6B3 /* TBInteractiveProtocol */,
				04248D9F200C7B170037C6B3 /* Products */,
				4510C2C5FC54F40979888D2D /* Pods */,
				65807B500491BE1F2DD53328 /* Frameworks */,
			);
			sourceTree = "<group>";
		};
		04248D9F200C7B170037C6B3 /* Products */ = {
			isa = PBXGroup;
			children = (
				04248D9E200C7B170037C6B3 /* TBInteractiveProtocol.app */,
			);
			name = Products;
			sourceTree = "<group>";
		};
		04248DA0200C7B170037C6B3 /* TBInteractiveProtocol */ = {
			isa = PBXGroup;
			children = (
				04850E7A200F2B3E00E1C51D /* Source */,
				04248DA1200C7B170037C6B3 /* AppDelegate.h */,
				04248DA2200C7B170037C6B3 /* AppDelegate.m */,
				04248DA4200C7B170037C6B3 /* ViewController.h */,
				04248DA5200C7B170037C6B3 /* ViewController.m */,
				04248DA7200C7B170037C6B3 /* Main.storyboard */,
				04248DAA200C7B170037C6B3 /* Assets.xcassets */,
				04248DAC200C7B170037C6B3 /* LaunchScreen.storyboard */,
				04248DAF200C7B170037C6B3 /* Info.plist */,
				04248DB0200C7B170037C6B3 /* main.m */,
				04985D01200C844100808D26 /* TestViewController.swift */,
				04985D00200C844000808D26 /* TBInteractiveProtocol-Bridging-Header.h */,
			);
			path = TBInteractiveProtocol;
			sourceTree = "<group>";
		};
		046F1094201065540028C1AA /* TBInteractiveProtocol */ = {
			isa = PBXGroup;
			children = (
				046F1095201065540028C1AA /* TBWebViewManager.swift */,
				046F1096201065540028C1AA /* WeakBusiness */,
				046F10A9201065540028C1AA /* Helper */,
				046F10AC201065540028C1AA /* Handlers */,
				046F10BF201065540028C1AA /* ProgressView */,
			);
			path = TBInteractiveProtocol;
			sourceTree = "<group>";
		};
		046F1096201065540028C1AA /* WeakBusiness */ = {
			isa = PBXGroup;
			children = (
				046F1097201065540028C1AA /* Plugins */,
				046F10A6201065540028C1AA /* Models */,
			);
			path = WeakBusiness;
			sourceTree = "<group>";
		};
		046F1097201065540028C1AA /* Plugins */ = {
			isa = PBXGroup;
			children = (
				046F1098201065540028C1AA /* RegisterHandlerPlugins */,
				046F10A2201065540028C1AA /* CallHandlerPlugins */,
			);
			path = Plugins;
			sourceTree = "<group>";
		};
		046F1098201065540028C1AA /* RegisterHandlerPlugins */ = {
			isa = PBXGroup;
			children = (
				046F1099201065540028C1AA /* TBUserInfoPlugin.swift */,
				046F109A201065540028C1AA /* TBCityInfoPlugin.swift */,
				046F109B201065540028C1AA /* TBShareLinkPlugin.swift */,
				046F109C201065540028C1AA /* TBSharePicPlugin.swift */,
				046F109D201065540028C1AA /* TBTitlePlugin.swift */,
				046F109E201065540028C1AA /* TBOpenMapPlugin.swift */,
				046F109F201065540028C1AA /* TBCallBackPlugin.swift */,
				046F10A0201065540028C1AA /* TBUploadEventPlugin.swift */,
				042C651F2011E784009C50BE /* TBOpenUrlPlugin.swift */,
				046F10A1201065540028C1AA /* TBRegisterPlugin.swift */,
			);
			path = RegisterHandlerPlugins;
			sourceTree = "<group>";
		};
		046F10A2201065540028C1AA /* CallHandlerPlugins */ = {
			isa = PBXGroup;
			children = (
				046F10A3201065540028C1AA /* TBShareDataPlugin.swift */,
				046F10A4201065540028C1AA /* TBCallPlugin.swift */,
				046F10A5201065540028C1AA /* TBGoBackPlugin.swift */,
			);
			path = CallHandlerPlugins;
			sourceTree = "<group>";
		};
		046F10A6201065540028C1AA /* Models */ = {
			isa = PBXGroup;
			children = (
				046F10A7201065540028C1AA /* TBCityInfoModel.swift */,
				046F10A8201065540028C1AA /* TBUserInfoModel.swift */,
			);
			path = Models;
			sourceTree = "<group>";
		};
		046F10A9201065540028C1AA /* Helper */ = {
			isa = PBXGroup;
			children = (
				046F10AA201065540028C1AA /* TBWebViewHelper.swift */,
				046F10AB201065540028C1AA /* TBWebViewConfigurationManager.swift */,
			);
			path = Helper;
			sourceTree = "<group>";
		};
		046F10AC201065540028C1AA /* Handlers */ = {
			isa = PBXGroup;
			children = (
				046F10AD201065540028C1AA /* RegisterHandlers */,
				046F10B8201065540028C1AA /* EvaluateJSHandlers */,
				046F10BA201065540028C1AA /* CallHandlers */,
			);
			path = Handlers;
			sourceTree = "<group>";
		};
		046F10AD201065540028C1AA /* RegisterHandlers */ = {
			isa = PBXGroup;
			children = (
				046F10AE201065540028C1AA /* TBShareLinkRegisterHandler.swift */,
				046F10AF201065540028C1AA /* TBCallBackRegisterHandler.swift */,
				046F10B0201065540028C1AA /* TBOpenMapRegisterHandler.swift */,
				046F10B1201065540028C1AA /* TBRegisterCommond.swift */,
				046F10B2201065540028C1AA /* TBRegisterHandler.swift */,
				046F10B3201065540028C1AA /* TBUserInfoRegisterHandler.swift */,
				046F10B4201065540028C1AA /* TBTitleRegisterHandler.swift */,
				046F10B5201065540028C1AA /* TBCityInfoRegisterHandler.swift */,
				046F10B6201065540028C1AA /* TBUploadEventRegisterHandler.swift */,
				046F10B7201065540028C1AA /* TBSharePicRegisterHandler.swift */,
				042C651D2011E751009C50BE /* TBOpenUrlRegisterHandler.swift */,
			);
			path = RegisterHandlers;
			sourceTree = "<group>";
		};
		046F10B8201065540028C1AA /* EvaluateJSHandlers */ = {
			isa = PBXGroup;
			children = (
				046F10B9201065540028C1AA /* TBEvaluateJSHandler.swift */,
			);
			path = EvaluateJSHandlers;
			sourceTree = "<group>";
		};
		046F10BA201065540028C1AA /* CallHandlers */ = {
			isa = PBXGroup;
			children = (
				046F10BB201065540028C1AA /* TBShareDataCallHandler.swift */,
				046F10BC201065540028C1AA /* TBGoBackHandler.swift */,
				046F10BD201065540028C1AA /* TBCallHandler.swift */,
				046F10BE201065540028C1AA /* TBCallCommond.swift */,
			);
			path = CallHandlers;
			sourceTree = "<group>";
		};
		046F10BF201065540028C1AA /* ProgressView */ = {
			isa = PBXGroup;
			children = (
				046F10C0201065540028C1AA /* TBWebProgressView.swift */,
			);
			path = ProgressView;
			sourceTree = "<group>";
		};
		04850E7A200F2B3E00E1C51D /* Source */ = {
			isa = PBXGroup;
			children = (
				046F1094201065540028C1AA /* TBInteractiveProtocol */,
			);
			name = Source;
			path = ../../Source;
			sourceTree = "<group>";
		};
		4510C2C5FC54F40979888D2D /* Pods */ = {
			isa = PBXGroup;
			children = (
				D3581758F72616A82FAAC5B1 /* Pods-TBInteractiveProtocol.debug.xcconfig */,
				2280A055C4D1827C39A36A2B /* Pods-TBInteractiveProtocol.release.xcconfig */,
			);
			name = Pods;
			sourceTree = "<group>";
		};
		65807B500491BE1F2DD53328 /* Frameworks */ = {
			isa = PBXGroup;
			children = (
				EF11CB0591DC99EA096299A7 /* Pods_TBInteractiveProtocol.framework */,
			);
			name = Frameworks;
			sourceTree = "<group>";
		};
/* End PBXGroup section */

/* Begin PBXNativeTarget section */
		04248D9D200C7B170037C6B3 /* TBInteractiveProtocol */ = {
			isa = PBXNativeTarget;
			buildConfigurationList = 04248DB4200C7B170037C6B3 /* Build configuration list for PBXNativeTarget "TBInteractiveProtocol" */;
			buildPhases = (
				CD21352445E232E64CCC78FA /* [CP] Check Pods Manifest.lock */,
				04248D9A200C7B170037C6B3 /* Sources */,
				04248D9B200C7B170037C6B3 /* Frameworks */,
				04248D9C200C7B170037C6B3 /* Resources */,
				55CF83EBEC3E4FEB3DDCF643 /* [CP] Embed Pods Frameworks */,
				66D5820E232D5F5F06EE298F /* [CP] Copy Pods Resources */,
			);
			buildRules = (
			);
			dependencies = (
			);
			name = TBInteractiveProtocol;
			productName = TBInteractiveProtocol;
			productReference = 04248D9E200C7B170037C6B3 /* TBInteractiveProtocol.app */;
			productType = "com.apple.product-type.application";
		};
/* End PBXNativeTarget section */

/* Begin PBXProject section */
		04248D96200C7B170037C6B3 /* Project object */ = {
			isa = PBXProject;
			attributes = {
				LastUpgradeCheck = 0920;
				ORGANIZATIONNAME = LiYou;
				TargetAttributes = {
					04248D9D200C7B170037C6B3 = {
						CreatedOnToolsVersion = 9.2;
						LastSwiftMigration = 0920;
						ProvisioningStyle = Automatic;
					};
				};
			};
			buildConfigurationList = 04248D99200C7B170037C6B3 /* Build configuration list for PBXProject "TBInteractiveProtocol" */;
			compatibilityVersion = "Xcode 8.0";
			developmentRegion = en;
			hasScannedForEncodings = 0;
			knownRegions = (
				en,
				Base,
			);
			mainGroup = 04248D95200C7B170037C6B3;
			productRefGroup = 04248D9F200C7B170037C6B3 /* Products */;
			projectDirPath = "";
			projectRoot = "";
			targets = (
				04248D9D200C7B170037C6B3 /* TBInteractiveProtocol */,
			);
		};
/* End PBXProject section */

/* Begin PBXResourcesBuildPhase section */
		04248D9C200C7B170037C6B3 /* Resources */ = {
			isa = PBXResourcesBuildPhase;
			buildActionMask = 2147483647;
			files = (
				04248DAE200C7B170037C6B3 /* LaunchScreen.storyboard in Resources */,
				04248DAB200C7B170037C6B3 /* Assets.xcassets in Resources */,
				04248DA9200C7B170037C6B3 /* Main.storyboard in Resources */,
			);
			runOnlyForDeploymentPostprocessing = 0;
		};
/* End PBXResourcesBuildPhase section */

/* Begin PBXShellScriptBuildPhase section */
		55CF83EBEC3E4FEB3DDCF643 /* [CP] Embed Pods Frameworks */ = {
			isa = PBXShellScriptBuildPhase;
			buildActionMask = 2147483647;
			files = (
			);
			inputPaths = (
				"${SRCROOT}/Pods/Target Support Files/Pods-TBInteractiveProtocol/Pods-TBInteractiveProtocol-frameworks.sh",
				"${BUILT_PRODUCTS_DIR}/NJKWebViewProgress/NJKWebViewProgress.framework",
				"${BUILT_PRODUCTS_DIR}/ObjectMapper/ObjectMapper.framework",
				"${BUILT_PRODUCTS_DIR}/TBWebViewJavascriptBridge/TBWebViewJavascriptBridge.framework",
			);
			name = "[CP] Embed Pods Frameworks";
			outputPaths = (
				"${TARGET_BUILD_DIR}/${FRAMEWORKS_FOLDER_PATH}/NJKWebViewProgress.framework",
				"${TARGET_BUILD_DIR}/${FRAMEWORKS_FOLDER_PATH}/ObjectMapper.framework",
				"${TARGET_BUILD_DIR}/${FRAMEWORKS_FOLDER_PATH}/TBWebViewJavascriptBridge.framework",
			);
			runOnlyForDeploymentPostprocessing = 0;
			shellPath = /bin/sh;
			shellScript = "\"${SRCROOT}/Pods/Target Support Files/Pods-TBInteractiveProtocol/Pods-TBInteractiveProtocol-frameworks.sh\"\n";
			showEnvVarsInLog = 0;
		};
		66D5820E232D5F5F06EE298F /* [CP] Copy Pods Resources */ = {
			isa = PBXShellScriptBuildPhase;
			buildActionMask = 2147483647;
			files = (
			);
			inputPaths = (
			);
			name = "[CP] Copy Pods Resources";
			outputPaths = (
			);
			runOnlyForDeploymentPostprocessing = 0;
			shellPath = /bin/sh;
			shellScript = "\"${SRCROOT}/Pods/Target Support Files/Pods-TBInteractiveProtocol/Pods-TBInteractiveProtocol-resources.sh\"\n";
			showEnvVarsInLog = 0;
		};
		CD21352445E232E64CCC78FA /* [CP] Check Pods Manifest.lock */ = {
			isa = PBXShellScriptBuildPhase;
			buildActionMask = 2147483647;
			files = (
			);
			inputPaths = (
				"${PODS_PODFILE_DIR_PATH}/Podfile.lock",
				"${PODS_ROOT}/Manifest.lock",
			);
			name = "[CP] Check Pods Manifest.lock";
			outputPaths = (
				"$(DERIVED_FILE_DIR)/Pods-TBInteractiveProtocol-checkManifestLockResult.txt",
			);
			runOnlyForDeploymentPostprocessing = 0;
			shellPath = /bin/sh;
			shellScript = "diff \"${PODS_PODFILE_DIR_PATH}/Podfile.lock\" \"${PODS_ROOT}/Manifest.lock\" > /dev/null\nif [ $? != 0 ] ; then\n    # print error to STDERR\n    echo \"error: The sandbox is not in sync with the Podfile.lock. Run 'pod install' or update your CocoaPods installation.\" >&2\n    exit 1\nfi\n# This output is used by Xcode 'outputs' to avoid re-running this script phase.\necho \"SUCCESS\" > \"${SCRIPT_OUTPUT_FILE_0}\"\n";
			showEnvVarsInLog = 0;
		};
/* End PBXShellScriptBuildPhase section */

/* Begin PBXSourcesBuildPhase section */
		04248D9A200C7B170037C6B3 /* Sources */ = {
			isa = PBXSourcesBuildPhase;
			buildActionMask = 2147483647;
			files = (
				046F10D7201065540028C1AA /* TBUserInfoRegisterHandler.swift in Sources */,
				046F10DB201065540028C1AA /* TBSharePicRegisterHandler.swift in Sources */,
				046F10E1201065540028C1AA /* TBWebProgressView.swift in Sources */,
				046F10C4201065540028C1AA /* TBShareLinkPlugin.swift in Sources */,
				046F10DE201065540028C1AA /* TBGoBackHandler.swift in Sources */,
				046F10DF201065540028C1AA /* TBCallHandler.swift in Sources */,
				046F10D8201065540028C1AA /* TBTitleRegisterHandler.swift in Sources */,
				046F10D3201065540028C1AA /* TBCallBackRegisterHandler.swift in Sources */,
				046F10C6201065540028C1AA /* TBTitlePlugin.swift in Sources */,
				042C65202011E784009C50BE /* TBOpenUrlPlugin.swift in Sources */,
				046F10C3201065540028C1AA /* TBCityInfoPlugin.swift in Sources */,
				04985D02200C844100808D26 /* TestViewController.swift in Sources */,
				046F10CF201065540028C1AA /* TBUserInfoModel.swift in Sources */,
				046F10CB201065540028C1AA /* TBShareDataPlugin.swift in Sources */,
				046F10C9201065540028C1AA /* TBUploadEventPlugin.swift in Sources */,
				046F10D1201065540028C1AA /* TBWebViewConfigurationManager.swift in Sources */,
				046F10D5201065540028C1AA /* TBRegisterCommond.swift in Sources */,
				046F10CA201065540028C1AA /* TBRegisterPlugin.swift in Sources */,
				046F10D4201065540028C1AA /* TBOpenMapRegisterHandler.swift in Sources */,
				046F10C2201065540028C1AA /* TBUserInfoPlugin.swift in Sources */,
				046F10C1201065540028C1AA /* TBWebViewManager.swift in Sources */,
				046F10C5201065540028C1AA /* TBSharePicPlugin.swift in Sources */,
				046F10D0201065540028C1AA /* TBWebViewHelper.swift in Sources */,
				04248DA6200C7B170037C6B3 /* ViewController.m in Sources */,
				046F10D2201065540028C1AA /* TBShareLinkRegisterHandler.swift in Sources */,
				04248DB1200C7B170037C6B3 /* main.m in Sources */,
				046F10D6201065540028C1AA /* TBRegisterHandler.swift in Sources */,
				04248DA3200C7B170037C6B3 /* AppDelegate.m in Sources */,
				042C651E2011E751009C50BE /* TBOpenUrlRegisterHandler.swift in Sources */,
				046F10C7201065540028C1AA /* TBOpenMapPlugin.swift in Sources */,
				046F10CE201065540028C1AA /* TBCityInfoModel.swift in Sources */,
				046F10D9201065540028C1AA /* TBCityInfoRegisterHandler.swift in Sources */,
				046F10CC201065540028C1AA /* TBCallPlugin.swift in Sources */,
				046F10DC201065540028C1AA /* TBEvaluateJSHandler.swift in Sources */,
				046F10DA201065540028C1AA /* TBUploadEventRegisterHandler.swift in Sources */,
				046F10CD201065540028C1AA /* TBGoBackPlugin.swift in Sources */,
				046F10E0201065540028C1AA /* TBCallCommond.swift in Sources */,
				046F10C8201065540028C1AA /* TBCallBackPlugin.swift in Sources */,
				046F10DD201065540028C1AA /* TBShareDataCallHandler.swift in Sources */,
			);
			runOnlyForDeploymentPostprocessing = 0;
		};
/* End PBXSourcesBuildPhase section */

/* Begin PBXVariantGroup section */
		04248DA7200C7B170037C6B3 /* Main.storyboard */ = {
			isa = PBXVariantGroup;
			children = (
				04248DA8200C7B170037C6B3 /* Base */,
			);
			name = Main.storyboard;
			sourceTree = "<group>";
		};
		04248DAC200C7B170037C6B3 /* LaunchScreen.storyboard */ = {
			isa = PBXVariantGroup;
			children = (
				04248DAD200C7B170037C6B3 /* Base */,
			);
			name = LaunchScreen.storyboard;
			sourceTree = "<group>";
		};
/* End PBXVariantGroup section */

/* Begin XCBuildConfiguration section */
		04248DB2200C7B170037C6B3 /* Debug */ = {
			isa = XCBuildConfiguration;
			buildSettings = {
				ALWAYS_SEARCH_USER_PATHS = NO;
				CLANG_ANALYZER_NONNULL = YES;
				CLANG_ANALYZER_NUMBER_OBJECT_CONVERSION = YES_AGGRESSIVE;
				CLANG_CXX_LANGUAGE_STANDARD = "gnu++14";
				CLANG_CXX_LIBRARY = "libc++";
				CLANG_ENABLE_MODULES = YES;
				CLANG_ENABLE_OBJC_ARC = YES;
				CLANG_WARN_BLOCK_CAPTURE_AUTORELEASING = YES;
				CLANG_WARN_BOOL_CONVERSION = YES;
				CLANG_WARN_COMMA = YES;
				CLANG_WARN_CONSTANT_CONVERSION = YES;
				CLANG_WARN_DIRECT_OBJC_ISA_USAGE = YES_ERROR;
				CLANG_WARN_DOCUMENTATION_COMMENTS = YES;
				CLANG_WARN_EMPTY_BODY = YES;
				CLANG_WARN_ENUM_CONVERSION = YES;
				CLANG_WARN_INFINITE_RECURSION = YES;
				CLANG_WARN_INT_CONVERSION = YES;
				CLANG_WARN_NON_LITERAL_NULL_CONVERSION = YES;
				CLANG_WARN_OBJC_LITERAL_CONVERSION = YES;
				CLANG_WARN_OBJC_ROOT_CLASS = YES_ERROR;
				CLANG_WARN_RANGE_LOOP_ANALYSIS = YES;
				CLANG_WARN_STRICT_PROTOTYPES = YES;
				CLANG_WARN_SUSPICIOUS_MOVE = YES;
				CLANG_WARN_UNGUARDED_AVAILABILITY = YES_AGGRESSIVE;
				CLANG_WARN_UNREACHABLE_CODE = YES;
				CLANG_WARN__DUPLICATE_METHOD_MATCH = YES;
				CODE_SIGN_IDENTITY = "iPhone Developer";
				COPY_PHASE_STRIP = NO;
				DEBUG_INFORMATION_FORMAT = dwarf;
				ENABLE_STRICT_OBJC_MSGSEND = YES;
				ENABLE_TESTABILITY = YES;
				GCC_C_LANGUAGE_STANDARD = gnu11;
				GCC_DYNAMIC_NO_PIC = NO;
				GCC_NO_COMMON_BLOCKS = YES;
				GCC_OPTIMIZATION_LEVEL = 0;
				GCC_PREPROCESSOR_DEFINITIONS = (
					"DEBUG=1",
					"$(inherited)",
				);
				GCC_WARN_64_TO_32_BIT_CONVERSION = YES;
				GCC_WARN_ABOUT_RETURN_TYPE = YES_ERROR;
				GCC_WARN_UNDECLARED_SELECTOR = YES;
				GCC_WARN_UNINITIALIZED_AUTOS = YES_AGGRESSIVE;
				GCC_WARN_UNUSED_FUNCTION = YES;
				GCC_WARN_UNUSED_VARIABLE = YES;
				IPHONEOS_DEPLOYMENT_TARGET = 11.2;
				MTL_ENABLE_DEBUG_INFO = YES;
				ONLY_ACTIVE_ARCH = YES;
				SDKROOT = iphoneos;
			};
			name = Debug;
		};
		04248DB3200C7B170037C6B3 /* Release */ = {
			isa = XCBuildConfiguration;
			buildSettings = {
				ALWAYS_SEARCH_USER_PATHS = NO;
				CLANG_ANALYZER_NONNULL = YES;
				CLANG_ANALYZER_NUMBER_OBJECT_CONVERSION = YES_AGGRESSIVE;
				CLANG_CXX_LANGUAGE_STANDARD = "gnu++14";
				CLANG_CXX_LIBRARY = "libc++";
				CLANG_ENABLE_MODULES = YES;
				CLANG_ENABLE_OBJC_ARC = YES;
				CLANG_WARN_BLOCK_CAPTURE_AUTORELEASING = YES;
				CLANG_WARN_BOOL_CONVERSION = YES;
				CLANG_WARN_COMMA = YES;
				CLANG_WARN_CONSTANT_CONVERSION = YES;
				CLANG_WARN_DIRECT_OBJC_ISA_USAGE = YES_ERROR;
				CLANG_WARN_DOCUMENTATION_COMMENTS = YES;
				CLANG_WARN_EMPTY_BODY = YES;
				CLANG_WARN_ENUM_CONVERSION = YES;
				CLANG_WARN_INFINITE_RECURSION = YES;
				CLANG_WARN_INT_CONVERSION = YES;
				CLANG_WARN_NON_LITERAL_NULL_CONVERSION = YES;
				CLANG_WARN_OBJC_LITERAL_CONVERSION = YES;
				CLANG_WARN_OBJC_ROOT_CLASS = YES_ERROR;
				CLANG_WARN_RANGE_LOOP_ANALYSIS = YES;
				CLANG_WARN_STRICT_PROTOTYPES = YES;
				CLANG_WARN_SUSPICIOUS_MOVE = YES;
				CLANG_WARN_UNGUARDED_AVAILABILITY = YES_AGGRESSIVE;
				CLANG_WARN_UNREACHABLE_CODE = YES;
				CLANG_WARN__DUPLICATE_METHOD_MATCH = YES;
				CODE_SIGN_IDENTITY = "iPhone Developer";
				COPY_PHASE_STRIP = NO;
				DEBUG_INFORMATION_FORMAT = "dwarf-with-dsym";
				ENABLE_NS_ASSERTIONS = NO;
				ENABLE_STRICT_OBJC_MSGSEND = YES;
				GCC_C_LANGUAGE_STANDARD = gnu11;
				GCC_NO_COMMON_BLOCKS = YES;
				GCC_WARN_64_TO_32_BIT_CONVERSION = YES;
				GCC_WARN_ABOUT_RETURN_TYPE = YES_ERROR;
				GCC_WARN_UNDECLARED_SELECTOR = YES;
				GCC_WARN_UNINITIALIZED_AUTOS = YES_AGGRESSIVE;
				GCC_WARN_UNUSED_FUNCTION = YES;
				GCC_WARN_UNUSED_VARIABLE = YES;
				IPHONEOS_DEPLOYMENT_TARGET = 11.2;
				MTL_ENABLE_DEBUG_INFO = NO;
				SDKROOT = iphoneos;
				VALIDATE_PRODUCT = YES;
			};
			name = Release;
		};
		04248DB5200C7B170037C6B3 /* Debug */ = {
			isa = XCBuildConfiguration;
			baseConfigurationReference = D3581758F72616A82FAAC5B1 /* Pods-TBInteractiveProtocol.debug.xcconfig */;
			buildSettings = {
				ASSETCATALOG_COMPILER_APPICON_NAME = AppIcon;
				CLANG_ENABLE_MODULES = YES;
				CODE_SIGN_STYLE = Automatic;
				DEVELOPMENT_TEAM = E2MHYTRHEB;
				INFOPLIST_FILE = TBInteractiveProtocol/Info.plist;
				LD_RUNPATH_SEARCH_PATHS = "$(inherited) @executable_path/Frameworks";
				PRODUCT_BUNDLE_IDENTIFIER = com.LiYou.TBInteractiveProtocol;
				PRODUCT_NAME = "$(TARGET_NAME)";
				SWIFT_OBJC_BRIDGING_HEADER = "TBInteractiveProtocol/TBInteractiveProtocol-Bridging-Header.h";
				SWIFT_OPTIMIZATION_LEVEL = "-Onone";
				SWIFT_VERSION = 3.0;
				TARGETED_DEVICE_FAMILY = "1,2";
			};
			name = Debug;
		};
		04248DB6200C7B170037C6B3 /* Release */ = {
			isa = XCBuildConfiguration;
			baseConfigurationReference = 2280A055C4D1827C39A36A2B /* Pods-TBInteractiveProtocol.release.xcconfig */;
			buildSettings = {
				ASSETCATALOG_COMPILER_APPICON_NAME = AppIcon;
				CLANG_ENABLE_MODULES = YES;
				CODE_SIGN_STYLE = Automatic;
				DEVELOPMENT_TEAM = E2MHYTRHEB;
				INFOPLIST_FILE = TBInteractiveProtocol/Info.plist;
				LD_RUNPATH_SEARCH_PATHS = "$(inherited) @executable_path/Frameworks";
				PRODUCT_BUNDLE_IDENTIFIER = com.LiYou.TBInteractiveProtocol;
				PRODUCT_NAME = "$(TARGET_NAME)";
				SWIFT_OBJC_BRIDGING_HEADER = "TBInteractiveProtocol/TBInteractiveProtocol-Bridging-Header.h";
				SWIFT_VERSION = 3.0;
				TARGETED_DEVICE_FAMILY = "1,2";
			};
			name = Release;
		};
/* End XCBuildConfiguration section */

/* Begin XCConfigurationList section */
		04248D99200C7B170037C6B3 /* Build configuration list for PBXProject "TBInteractiveProtocol" */ = {
			isa = XCConfigurationList;
			buildConfigurations = (
				04248DB2200C7B170037C6B3 /* Debug */,
				04248DB3200C7B170037C6B3 /* Release */,
			);
			defaultConfigurationIsVisible = 0;
			defaultConfigurationName = Release;
		};
		04248DB4200C7B170037C6B3 /* Build configuration list for PBXNativeTarget "TBInteractiveProtocol" */ = {
			isa = XCConfigurationList;
			buildConfigurations = (
				04248DB5200C7B170037C6B3 /* Debug */,
				04248DB6200C7B170037C6B3 /* Release */,
			);
			defaultConfigurationIsVisible = 0;
			defaultConfigurationName = Release;
		};
/* End XCConfigurationList section */
	};
	rootObject = 04248D96200C7B170037C6B3 /* Project object */;
}
